
Microsoft Visual Studio Solution File, Format Version 12.00
# Visual Studio Version 16
VisualStudioVersion = 16.0.32901.82
MinimumVisualStudioVersion = 10.0.40219.1
Project("{FAE04EC0-301F-11D3-BF4B-00C04F79EFBC}") = "Recurs_Exercise", "Recurs_Exercise\Recurs_Exercise.csproj", "{2CA56B72-1F8F-4D9D-9184-D17845ACD115}"
EndProject
Global
	GlobalSection(SolutionConfigurationPlatforms) = preSolution
		Debug|Any CPU = Debug|Any CPU
		Release|Any CPU = Release|Any CPU
	EndGlobalSection
	GlobalSection(ProjectConfigurationPlatforms) = postSolution
		{2CA56B72-1F8F-4D9D-9184-D17845ACD115}.Debug|Any CPU.ActiveCfg = Debug|Any CPU
		{2CA56B72-1F8F-4D9D-9184-D17845ACD115}.Debug|Any CPU.Build.0 = Debug|Any CPU
		{2CA56B72-1F8F-4D9D-9184-D17845ACD115}.Release|Any CPU.ActiveCfg = Release|Any CPU
		{2CA56B72-1F8F-4D9D-9184-D17845ACD115}.Release|Any CPU.Build.0 = Release|Any CPU
	EndGlobalSection
	GlobalSection(SolutionProperties) = preSolution
		HideSolutionNode = FALSE
	EndGlobalSection
	GlobalSection(ExtensibilityGlobals) = postSolution
		SolutionGuid = {8C7D5A06-D78B-4D80-B91D-459299A26E17}
	EndGlobalSection
EndGlobal
